// !$*UTF8*$!
{
	archiveVersion = 1;
	classes = {
	};
	objectVersion = 46;
	objects = {

/* Begin PBXBuildFile section */
		C14D79331D5903B0004288BB /* AppDelegate.swift in Sources */ = {isa = PBXBuildFile; fileRef = C14D79321D5903B0004288BB /* AppDelegate.swift */; };
		C14D79351D5903B0004288BB /* ViewController.swift in Sources */ = {isa = PBXBuildFile; fileRef = C14D79341D5903B0004288BB /* ViewController.swift */; };
		C14D79381D5903B0004288BB /* Main.storyboard in Resources */ = {isa = PBXBuildFile; fileRef = C14D79361D5903B0004288BB /* Main.storyboard */; };
		C14D793A1D5903B0004288BB /* Assets.xcassets in Resources */ = {isa = PBXBuildFile; fileRef = C14D79391D5903B0004288BB /* Assets.xcassets */; };
		C14D793D1D5903B0004288BB /* LaunchScreen.storyboard in Resources */ = {isa = PBXBuildFile; fileRef = C14D793B1D5903B0004288BB /* LaunchScreen.storyboard */; };
		C14D79451D5945D4004288BB /* RGBAImage.swift in Sources */ = {isa = PBXBuildFile; fileRef = C14D79441D5945D4004288BB /* RGBAImage.swift */; };
		C1B769831D5A99EA006FE800 /* ButtonExtension.swift in Sources */ = {isa = PBXBuildFile; fileRef = C1B769821D5A99EA006FE800 /* ButtonExtension.swift */; };
/* End PBXBuildFile section */

/* Begin PBXFileReference section */
		C14D792F1D5903B0004288BB /* Filterer.app */ = {isa = PBXFileReference; explicitFileType = wrapper.application; includeInIndex = 0; path = Filterer.app; sourceTree = BUILT_PRODUCTS_DIR; };
		C14D79321D5903B0004288BB /* AppDelegate.swift */ = {isa = PBXFileReference; lastKnownFileType = sourcecode.swift; path = AppDelegate.swift; sourceTree = "<group>"; };
		C14D79341D5903B0004288BB /* ViewController.swift */ = {isa = PBXFileReference; lastKnownFileType = sourcecode.swift; path = ViewController.swift; sourceTree = "<group>"; };
		C14D79371D5903B0004288BB /* Base */ = {isa = PBXFileReference; lastKnownFileType = file.storyboard; name = Base; path = Base.lproj/Main.storyboard; sourceTree = "<group>"; };
		C14D79391D5903B0004288BB /* Assets.xcassets */ = {isa = PBXFileReference; lastKnownFileType = folder.assetcatalog; path = Assets.xcassets; sourceTree = "<group>"; };
		C14D793C1D5903B0004288BB /* Base */ = {isa = PBXFileReference; lastKnownFileType = file.storyboard; name = Base; path = Base.lproj/LaunchScreen.storyboard; sourceTree = "<group>"; };
		C14D793E1D5903B0004288BB /* Info.plist */ = {isa = PBXFileReference; lastKnownFileType = text.plist.xml; path = Info.plist; sourceTree = "<group>"; };
		C14D79441D5945D4004288BB /* RGBAImage.swift */ = {isa = PBXFileReference; fileEncoding = 4; lastKnownFileType = sourcecode.swift; path = RGBAImage.swift; sourceTree = "<group>"; };
		C1B769821D5A99EA006FE800 /* ButtonExtension.swift */ = {isa = PBXFileReference; fileEncoding = 4; lastKnownFileType = sourcecode.swift; path = ButtonExtension.swift; sourceTree = "<group>"; };
/* End PBXFileReference section */

/* Begin PBXFrameworksBuildPhase section */
		C14D792C1D5903B0004288BB /* Frameworks */ = {
			isa = PBXFrameworksBuildPhase;
			buildActionMask = 2147483647;
			files = (
			);
			runOnlyForDeploymentPostprocessing = 0;
		};
/* End PBXFrameworksBuildPhase section */

/* Begin PBXGroup section */
		C14D79261D5903B0004288BB = {
			isa = PBXGroup;
			children = (
				C14D79311D5903B0004288BB /* Filterer */,
				C14D79301D5903B0004288BB /* Products */,
			);
			sourceTree = "<group>";
		};
		C14D79301D5903B0004288BB /* Products */ = {
			isa = PBXGroup;
			children = (
				C14D792F1D5903B0004288BB /* Filterer.app */,
			);
			name = Products;
			sourceTree = "<group>";
		};
		C14D79311D5903B0004288BB /* Filterer */ = {
			isa = PBXGroup;
			children = (
				C14D79441D5945D4004288BB /* RGBAImage.swift */,
				C14D79321D5903B0004288BB /* AppDelegate.swift */,
				C14D79341D5903B0004288BB /* ViewController.swift */,
				C14D79361D5903B0004288BB /* Main.storyboard */,
				C14D79391D5903B0004288BB /* Assets.xcassets */,
				C14D793B1D5903B0004288BB /* LaunchScreen.storyboard */,
				C14D793E1D5903B0004288BB /* Info.plist */,
				C1B769821D5A99EA006FE800 /* ButtonExtension.swift */,
			);
			path = Filterer;
			sourceTree = "<group>";
		};
/* End PBXGroup section */

/* Begin PBXNativeTarget section */
		C14D792E1D5903B0004288BB /* Filterer */ = {
			isa = PBXNativeTarget;
			buildConfigurationList = C14D79411D5903B0004288BB /* Build configuration list for PBXNativeTarget "Filterer" */;
			buildPhases = (
				C14D792B1D5903B0004288BB /* Sources */,
				C14D792C1D5903B0004288BB /* Frameworks */,
				C14D792D1D5903B0004288BB /* Resources */,
			);
			buildRules = (
			);
			dependencies = (
			);
			name = Filterer;
			productName = Filterer;
			productReference = C14D792F1D5903B0004288BB /* Filterer.app */;
			productType = "com.apple.product-type.application";
		};
/* End PBXNativeTarget section */

/* Begin PBXProject section */
		C14D79271D5903B0004288BB /* Project object */ = {
			isa = PBXProject;
			attributes = {
				LastSwiftUpdateCheck = 0730;
				LastUpgradeCheck = 0730;
				ORGANIZATIONNAME = EpicDory;
				TargetAttributes = {
					C14D792E1D5903B0004288BB = {
						CreatedOnToolsVersion = 7.3.1;
						DevelopmentTeam = HDUPBT5CLW;
					};
				};
			};
			buildConfigurationList = C14D792A1D5903B0004288BB /* Build configuration list for PBXProject "Filterer" */;
			compatibilityVersion = "Xcode 3.2";
			developmentRegion = English;
			hasScannedForEncodings = 0;
			knownRegions = (
				en,
				Base,
			);
			mainGroup = C14D79261D5903B0004288BB;
			productRefGroup = C14D79301D5903B0004288BB /* Products */;
			projectDirPath = "";
			projectRoot = "";
			targets = (
				C14D792E1D5903B0004288BB /* Filterer */,
			);
		};
/* End PBXProject section */

/* Begin PBXResourcesBuildPhase section */
		C14D792D1D5903B0004288BB /* Resources */ = {
			isa = PBXResourcesBuildPhase;
			buildActionMask = 2147483647;
			files = (
				C14D793D1D5903B0004288BB /* LaunchScreen.storyboard in Resources */,
				C14D793A1D5903B0004288BB /* Assets.xcassets in Resources */,
				C14D79381D5903B0004288BB /* Main.storyboard in Resources */,
			);
			runOnlyForDeploymentPostprocessing = 0;
		};
/* End PBXResourcesBuildPhase section */

/* Begin PBXSourcesBuildPhase section */
		C14D792B1D5903B0004288BB /* Sources */ = {
			isa = PBXSourcesBuildPhase;
			buildActionMask = 2147483647;
			files = (
				C14D79351D5903B0004288BB /* ViewController.swift in Sources */,
				C1B769831D5A99EA006FE800 /* ButtonExtension.swift in Sources */,
				C14D79451D5945D4004288BB /* RGBAImage.swift in Sources */,
				C14D79331D5903B0004288BB /* AppDelegate.swift in Sources */,
			);
			runOnlyForDeploymentPostprocessing = 0;
		};
/* End PBXSourcesBuildPhase section */

/* Begin PBXVariantGroup section */
		C14D79361D5903B0004288BB /* Main.storyboard */ = {
			isa = PBXVariantGroup;
			children = (
				C14D79371D5903B0004288BB /* Base */,
			);
			name = Main.storyboard;
			sourceTree = "<group>";
		};
		C14D793B1D5903B0004288BB /* LaunchScreen.storyboard */ = {
			isa = PBXVariantGroup;
			children = (
				C14D793C1D5903B0004288BB /* Base */,
			);
			name = LaunchScreen.storyboard;
			sourceTree = "<group>";
		};
/* End PBXVariantGroup section */

/* Begin XCBuildConfiguration section */
		C14D793F1D5903B0004288BB /* Debug */ = {
			isa = XCBuildConfiguration;
			buildSettings = {
				ALWAYS_SEARCH_USER_PATHS = NO;
				CLANG_ANALYZER_NONNULL = YES;
				CLANG_CXX_LANGUAGE_STANDARD = "gnu++0x";
				CLANG_CXX_LIBRARY = "libc++";
				CLANG_ENABLE_MODULES = YES;
				CLANG_ENABLE_OBJC_ARC = YES;
				CLANG_WARN_BOOL_CONVERSION = YES;
				CLANG_WARN_CONSTANT_CONVERSION = YES;
				CLANG_WARN_DIRECT_OBJC_ISA_USAGE = YES_ERROR;
				CLANG_WARN_EMPTY_BODY = YES;
				CLANG_WARN_ENUM_CONVERSION = YES;
				CLANG_WARN_INT_CONVERSION = YES;
				CLANG_WARN_OBJC_ROOT_CLASS = YES_ERROR;
				CLANG_WARN_UNREACHABLE_CODE = YES;
				CLANG_WARN__DUPLICATE_METHOD_MATCH = YES;
				"CODE_SIGN_IDENTITY[sdk=iphoneos*]" = "iPhone Developer";
				COPY_PHASE_STRIP = NO;
				DEBUG_INFORMATION_FORMAT = dwarf;
				ENABLE_STRICT_OBJC_MSGSEND = YES;
				ENABLE_TESTABILITY = YES;
				GCC_C_LANGUAGE_STANDARD = gnu99;
				GCC_DYNAMIC_NO_PIC = NO;
				GCC_NO_COMMON_BLOCKS = YES;
				GCC_OPTIMIZATION_LEVEL = 0;
				GCC_PREPROCESSOR_DEFINITIONS = (
					"DEBUG=1",
					"$(inherited)",
				);
				GCC_WARN_64_TO_32_BIT_CONVERSION = YES;
				GCC_WARN_ABOUT_RETURN_TYPE = YES_ERROR;
				GCC_WARN_UNDECLARED_SELECTOR = YES;
				GCC_WARN_UNINITIALIZED_AUTOS = YES_AGGRESSIVE;
				GCC_WARN_UNUSED_FUNCTION = YES;
				GCC_WARN_UNUSED_VARIABLE = YES;
				IPHONEOS_DEPLOYMENT_TARGET = 9.3;
				MTL_ENABLE_DEBUG_INFO = YES;
				ONLY_ACTIVE_ARCH = YES;
				SDKROOT = iphoneos;
				SWIFT_OPTIMIZATION_LEVEL = "-Onone";
				TARGETED_DEVICE_FAMILY = "1,2";
			};
			name = Debug;
		};
		C14D79401D5903B0004288BB /* Release */ = {
			isa = XCBuildConfiguration;
			buildSettings = {
				ALWAYS_SEARCH_USER_PATHS = NO;
				CLANG_ANALYZER_NONNULL = YES;
				CLANG_CXX_LANGUAGE_STANDARD = "gnu++0x";
				CLANG_CXX_LIBRARY = "libc++";
				CLANG_ENABLE_MODULES = YES;
				CLANG_ENABLE_OBJC_ARC = YES;
				CLANG_WARN_BOOL_CONVERSION = YES;
				CLANG_WARN_CONSTANT_CONVERSION = YES;
				CLANG_WARN_DIRECT_OBJC_ISA_USAGE = YES_ERROR;
				CLANG_WARN_EMPTY_BODY = YES;
				CLANG_WARN_ENUM_CONVERSION = YES;
				CLANG_WARN_INT_CONVERSION = YES;
				CLANG_WARN_OBJC_ROOT_CLASS = YES_ERROR;
				CLANG_WARN_UNREACHABLE_CODE = YES;
				CLANG_WARN__DUPLICATE_METHOD_MATCH = YES;
				"CODE_SIGN_IDENTITY[sdk=iphoneos*]" = "iPhone Developer";
				COPY_PHASE_STRIP = NO;
				DEBUG_INFORMATION_FORMAT = "dwarf-with-dsym";
				ENABLE_NS_ASSERTIONS = NO;
				ENABLE_STRICT_OBJC_MSGSEND = YES;
				GCC_C_LANGUAGE_STANDARD = gnu99;
				GCC_NO_COMMON_BLOCKS = YES;
				GCC_WARN_64_TO_32_BIT_CONVERSION = YES;
				GCC_WARN_ABOUT_RETURN_TYPE = YES_ERROR;
				GCC_WARN_UNDECLARED_SELECTOR = YES;
				GCC_WARN_UNINITIALIZED_AUTOS = YES_AGGRESSIVE;
				GCC_WARN_UNUSED_FUNCTION = YES;
				GCC_WARN_UNUSED_VARIABLE = YES;
				IPHONEOS_DEPLOYMENT_TARGET = 9.3;
				MTL_ENABLE_DEBUG_INFO = NO;
				SDKROOT = iphoneos;
				TARGETED_DEVICE_FAMILY = "1,2";
				VALIDATE_PRODUCT = YES;
			};
			name = Release;
		};
		C14D79421D5903B0004288BB /* Debug */ = {
			isa = XCBuildConfiguration;
			buildSettings = {
				ASSETCATALOG_COMPILER_APPICON_NAME = AppIcon;
				INFOPLIST_FILE = Filterer/Info.plist;
				LD_RUNPATH_SEARCH_PATHS = "$(inherited) @executable_path/Frameworks";
				PRODUCT_BUNDLE_IDENTIFIER = com.EpicDory.Filterer;
				PRODUCT_NAME = "$(TARGET_NAME)";
			};
			name = Debug;
		};
		C14D79431D5903B0004288BB /* Release */ = {
			isa = XCBuildConfiguration;
			buildSettings = {
				ASSETCATALOG_COMPILER_APPICON_NAME = AppIcon;
				INFOPLIST_FILE = Filterer/Info.plist;
				LD_RUNPATH_SEARCH_PATHS = "$(inherited) @executable_path/Frameworks";
				PRODUCT_BUNDLE_IDENTIFIER = com.EpicDory.Filterer;
				PRODUCT_NAME = "$(TARGET_NAME)";
			};
			name = Release;
		};
/* End XCBuildConfiguration section */

/* Begin XCConfigurationList section */
		C14D792A1D5903B0004288BB /* Build configuration list for PBXProject "Filterer" */ = {
			isa = XCConfigurationList;
			buildConfigurations = (
				C14D793F1D5903B0004288BB /* Debug */,
				C14D79401D5903B0004288BB /* Release */,
			);
			defaultConfigurationIsVisible = 0;
			defaultConfigurationName = Release;
		};
		C14D79411D5903B0004288BB /* Build configuration list for PBXNativeTarget "Filterer" */ = {
			isa = XCConfigurationList;
			buildConfigurations = (
				C14D79421D5903B0004288BB /* Debug */,
				C14D79431D5903B0004288BB /* Release */,
			);
			defaultConfigurationIsVisible = 0;
			defaultConfigurationName = Release;
		};
/* End XCConfigurationList section */
	};
	rootObject = C14D79271D5903B0004288BB /* Project object */;
}
